// !$*UTF8*$!
{
	archiveVersion = 1;
	classes = {
	};
	objectVersion = 50;
	objects = {

/* Begin PBXFileReference section */
		11B0C74B22C26CD400197D57 /* Main.swift */ = {isa = PBXFileReference; lastKnownFileType = sourcecode.swift; path = Main.swift; sourceTree = "<group>"; };
		11B0C74C22C26EB100197D57 /* Token.swift */ = {isa = PBXFileReference; lastKnownFileType = sourcecode.swift; path = Token.swift; sourceTree = "<group>"; };
/* End PBXFileReference section */

/* Begin PBXGroup section */
		11B0C74422C26CBB00197D57 = {
			isa = PBXGroup;
			children = (
				11B0C74B22C26CD400197D57 /* Main.swift */,
				11B0C74C22C26EB100197D57 /* Token.swift */,
			);
			sourceTree = "<group>";
		};
/* End PBXGroup section */

/* Begin PBXProject section */
		11B0C74522C26CBB00197D57 /* Project object */ = {
			isa = PBXProject;
			attributes = {
				LastUpgradeCheck = 1020;
			};
			buildConfigurationList = 11B0C74822C26CBB00197D57 /* Build configuration list for PBXProject "Monkey" */;
			compatibilityVersion = "Xcode 9.3";
			developmentRegion = en;
			hasScannedForEncodings = 0;
			knownRegions = (
				en,
			);
			mainGroup = 11B0C74422C26CBB00197D57;
			projectDirPath = "";
			projectRoot = "";
			targets = (
			);
		};
/* End PBXProject section */

/* Begin XCBuildConfiguration section */
		11B0C74922C26CBB00197D57 /* Debug */ = {
			isa = XCBuildConfiguration;
			buildSettings = {
			};
			name = Debug;
		};
		11B0C74A22C26CBB00197D57 /* Release */ = {
			isa = XCBuildConfiguration;
			buildSettings = {
			};
			name = Release;
		};
/* End XCBuildConfiguration section */

/* Begin XCConfigurationList section */
		11B0C74822C26CBB00197D57 /* Build configuration list for PBXProject "Monkey" */ = {
			isa = XCConfigurationList;
			buildConfigurations = (
				11B0C74922C26CBB00197D57 /* Debug */,
				11B0C74A22C26CBB00197D57 /* Release */,
			);
			defaultConfigurationIsVisible = 0;
			defaultConfigurationName = Release;
		};
/* End XCConfigurationList section */
	};
	rootObject = 11B0C74522C26CBB00197D57 /* Project object */;
}
